
Microsoft Visual Studio Solution File, Format Version 12.00
# Visual Studio 14
VisualStudioVersion = 14.0.25123.0
MinimumVisualStudioVersion = 10.0.40219.1
Project("{FAE04EC0-301F-11D3-BF4B-00C04F79EFBC}") = "StripPunctuation", "StripPunctuation\StripPunctuation.csproj", "{47D50C6D-FF16-4F98-AABC-2B7589CD79EB}"
EndProject
Global
	GlobalSection(SolutionConfigurationPlatforms) = preSolution
		Debug|Any CPU = Debug|Any CPU
		Release|Any CPU = Release|Any CPU
	EndGlobalSection
	GlobalSection(ProjectConfigurationPlatforms) = postSolution
		{47D50C6D-FF16-4F98-AABC-2B7589CD79EB}.Debug|Any CPU.ActiveCfg = Debug|Any CPU
		{47D50C6D-FF16-4F98-AABC-2B7589CD79EB}.Debug|Any CPU.Build.0 = Debug|Any CPU
		{47D50C6D-FF16-4F98-AABC-2B7589CD79EB}.Release|Any CPU.ActiveCfg = Release|Any CPU
		{47D50C6D-FF16-4F98-AABC-2B7589CD79EB}.Release|Any CPU.Build.0 = Release|Any CPU
	EndGlobalSection
	GlobalSection(SolutionProperties) = preSolution
		HideSolutionNode = FALSE
	EndGlobalSection
EndGlobal
